
Microsoft Visual Studio Solution File, Format Version 11.00
# Visual Studio 2010
Project("{FAE04EC0-301F-11D3-BF4B-00C04F79EFBC}") = "Karatsuba", "Karatsuba\Karatsuba.csproj", "{7a58e11c-2ebd-4f10-8a1c-7ee720abdfe3}"
EndProject
Global
	GlobalSection(SolutionConfigurationPlatforms) = preSolution
		Debug|Any CPU = Debug|Any CPU
		Release|Any CPU = Release|Any CPU
	EndGlobalSection
	GlobalSection(ProjectConfigurationPlatforms) = postSolution
		{7A58E11C-2EBD-4F10-8A1C-7EE720ABDFE3}.Debug|Any CPU.ActiveCfg = Debug|Any CPU
		{7A58E11C-2EBD-4F10-8A1C-7EE720ABDFE3}.Debug|Any CPU.Build.0 = Debug|Any CPU
		{7A58E11C-2EBD-4F10-8A1C-7EE720ABDFE3}.Release|Any CPU.ActiveCfg = Release|Any CPU
		{7A58E11C-2EBD-4F10-8A1C-7EE720ABDFE3}.Release|Any CPU.Build.0 = Release|Any CPU
	EndGlobalSection
EndGlobal
